// !$*UTF8*$!
{
	archiveVersion = 1;
	classes = {
	};
	objectVersion = 56;
	objects = {

/* Begin PBXBuildFile section */
		4D12A2462A2333A000F4BA7B /* Constants.swift in Sources */ = {isa = PBXBuildFile; fileRef = 4D12A2452A2333A000F4BA7B /* Constants.swift */; };
		4D1543FA2A3F757800D43B0F /* Kingfisher in Frameworks */ = {isa = PBXBuildFile; productRef = 4D1543F92A3F757800D43B0F /* Kingfisher */; };
		4D1543FD2A3F8AD300D43B0F /* SwiftKeychainWrapper in Frameworks */ = {isa = PBXBuildFile; productRef = 4D1543FC2A3F8AD300D43B0F /* SwiftKeychainWrapper */; };
		4D1544002A40C6B500D43B0F /* TabBarController.swift in Sources */ = {isa = PBXBuildFile; fileRef = 4D1543FF2A40C6B500D43B0F /* TabBarController.swift */; };
		4D207D6B2A4752500048BB1B /* ImagesListService.swift in Sources */ = {isa = PBXBuildFile; fileRef = 4D207D6A2A4752500048BB1B /* ImagesListService.swift */; };
		4D207D6D2A4752BA0048BB1B /* Photo.swift in Sources */ = {isa = PBXBuildFile; fileRef = 4D207D6C2A4752BA0048BB1B /* Photo.swift */; };
		4D2B4ECB2A24CD3700568F6A /* AuthViewController.swift in Sources */ = {isa = PBXBuildFile; fileRef = 4D2B4ECA2A24CD3700568F6A /* AuthViewController.swift */; };
		4D4F87372A13F01F00086535 /* ProfileViewController.swift in Sources */ = {isa = PBXBuildFile; fileRef = 4D4F87362A13F01F00086535 /* ProfileViewController.swift */; };
		4D5DD0BF2A15FBC500914006 /* SingleImageViewController.swift in Sources */ = {isa = PBXBuildFile; fileRef = 4D5DD0BE2A15FBC500914006 /* SingleImageViewController.swift */; };
		4D8351D12A36280A0042E166 /* ProgressHUD in Frameworks */ = {isa = PBXBuildFile; productRef = 4D8351D02A36280A0042E166 /* ProgressHUD */; };
		4D8351D32A379B480042E166 /* UIBlockingProgressHUD.swift in Sources */ = {isa = PBXBuildFile; fileRef = 4D8351D22A379B480042E166 /* UIBlockingProgressHUD.swift */; };
		4D8351D52A3A30AE0042E166 /* Profile.swift in Sources */ = {isa = PBXBuildFile; fileRef = 4D8351D42A3A30AE0042E166 /* Profile.swift */; };
		4D8351D72A3A4BC10042E166 /* ProfileImageService.swift in Sources */ = {isa = PBXBuildFile; fileRef = 4D8351D62A3A4BC10042E166 /* ProfileImageService.swift */; };
		4D89EFB92A251B4A00D9AB95 /* WebViewViewControllerDelegate.swift in Sources */ = {isa = PBXBuildFile; fileRef = 4D89EFB82A251B4A00D9AB95 /* WebViewViewControllerDelegate.swift */; };
		4D89EFBB2A27426000D9AB95 /* NetworkClient.swift in Sources */ = {isa = PBXBuildFile; fileRef = 4D89EFBA2A27426000D9AB95 /* NetworkClient.swift */; };
		4D89EFBD2A274A3000D9AB95 /* TokenProvider.swift in Sources */ = {isa = PBXBuildFile; fileRef = 4D89EFBC2A274A3000D9AB95 /* TokenProvider.swift */; };
		4D89EFC32A288F2300D9AB95 /* URLRequest.swift in Sources */ = {isa = PBXBuildFile; fileRef = 4D89EFC22A288F2300D9AB95 /* URLRequest.swift */; };
		4D89EFC52A2914BE00D9AB95 /* OAuth2TokenStorage.swift in Sources */ = {isa = PBXBuildFile; fileRef = 4D89EFC42A2914BE00D9AB95 /* OAuth2TokenStorage.swift */; };
		4D89EFC72A2B3B8000D9AB95 /* SplashViewController.swift in Sources */ = {isa = PBXBuildFile; fileRef = 4D89EFC62A2B3B8000D9AB95 /* SplashViewController.swift */; };
		4D89EFCB2A2E565C00D9AB95 /* APIRequester.swift in Sources */ = {isa = PBXBuildFile; fileRef = 4D89EFCA2A2E565C00D9AB95 /* APIRequester.swift */; };
		4D89EFCD2A2E578C00D9AB95 /* ProfileService.swift in Sources */ = {isa = PBXBuildFile; fileRef = 4D89EFCC2A2E578C00D9AB95 /* ProfileService.swift */; };
		4DBB56632A4830F00019FCC8 /* Date.swift in Sources */ = {isa = PBXBuildFile; fileRef = 4DBB56622A4830F00019FCC8 /* Date.swift */; };
		4DCD64432A24D22A007BDDF9 /* WebViewViewController.swift in Sources */ = {isa = PBXBuildFile; fileRef = 4DCD64422A24D22A007BDDF9 /* WebViewViewController.swift */; };
		4DD947132A4C30A0008B5439 /* ImageService.swift in Sources */ = {isa = PBXBuildFile; fileRef = 4DD947122A4C30A0008B5439 /* ImageService.swift */; };
		4DD947152A4D7362008B5439 /* CookieCleaner.swift in Sources */ = {isa = PBXBuildFile; fileRef = 4DD947142A4D7362008B5439 /* CookieCleaner.swift */; };
		4DF2F8142A0379B8005A85F6 /* AppDelegate.swift in Sources */ = {isa = PBXBuildFile; fileRef = 4DF2F8132A0379B8005A85F6 /* AppDelegate.swift */; };
		4DF2F8162A0379B8005A85F6 /* SceneDelegate.swift in Sources */ = {isa = PBXBuildFile; fileRef = 4DF2F8152A0379B8005A85F6 /* SceneDelegate.swift */; };
		4DF2F8182A0379B8005A85F6 /* ImagesListViewController.swift in Sources */ = {isa = PBXBuildFile; fileRef = 4DF2F8172A0379B8005A85F6 /* ImagesListViewController.swift */; };
		4DF2F81B2A0379B8005A85F6 /* Main.storyboard in Resources */ = {isa = PBXBuildFile; fileRef = 4DF2F8192A0379B8005A85F6 /* Main.storyboard */; };
		4DF2F81D2A0379BB005A85F6 /* Assets.xcassets in Resources */ = {isa = PBXBuildFile; fileRef = 4DF2F81C2A0379BB005A85F6 /* Assets.xcassets */; };
		4DF2F8202A0379BB005A85F6 /* LaunchScreen.storyboard in Resources */ = {isa = PBXBuildFile; fileRef = 4DF2F81E2A0379BB005A85F6 /* LaunchScreen.storyboard */; };
		4DF2F8282A03CF81005A85F6 /* .gitignore in Resources */ = {isa = PBXBuildFile; fileRef = 4DF2F8272A03CF81005A85F6 /* .gitignore */; };
		4DF2F86A2A0BA368005A85F6 /* ImagesListCell.swift in Sources */ = {isa = PBXBuildFile; fileRef = 4DF2F8692A0BA368005A85F6 /* ImagesListCell.swift */; };
/* End PBXBuildFile section */

/* Begin PBXFileReference section */
		4D12A2452A2333A000F4BA7B /* Constants.swift */ = {isa = PBXFileReference; lastKnownFileType = sourcecode.swift; path = Constants.swift; sourceTree = "<group>"; };
		4D1543FF2A40C6B500D43B0F /* TabBarController.swift */ = {isa = PBXFileReference; lastKnownFileType = sourcecode.swift; path = TabBarController.swift; sourceTree = "<group>"; };
		4D207D6A2A4752500048BB1B /* ImagesListService.swift */ = {isa = PBXFileReference; lastKnownFileType = sourcecode.swift; path = ImagesListService.swift; sourceTree = "<group>"; };
		4D207D6C2A4752BA0048BB1B /* Photo.swift */ = {isa = PBXFileReference; lastKnownFileType = sourcecode.swift; path = Photo.swift; sourceTree = "<group>"; };
		4D2B4ECA2A24CD3700568F6A /* AuthViewController.swift */ = {isa = PBXFileReference; lastKnownFileType = sourcecode.swift; path = AuthViewController.swift; sourceTree = "<group>"; };
		4D4F87362A13F01F00086535 /* ProfileViewController.swift */ = {isa = PBXFileReference; lastKnownFileType = sourcecode.swift; path = ProfileViewController.swift; sourceTree = "<group>"; };
		4D5DD0BE2A15FBC500914006 /* SingleImageViewController.swift */ = {isa = PBXFileReference; lastKnownFileType = sourcecode.swift; path = SingleImageViewController.swift; sourceTree = "<group>"; };
		4D8351D22A379B480042E166 /* UIBlockingProgressHUD.swift */ = {isa = PBXFileReference; lastKnownFileType = sourcecode.swift; path = UIBlockingProgressHUD.swift; sourceTree = "<group>"; };
		4D8351D42A3A30AE0042E166 /* Profile.swift */ = {isa = PBXFileReference; lastKnownFileType = sourcecode.swift; path = Profile.swift; sourceTree = "<group>"; };
		4D8351D62A3A4BC10042E166 /* ProfileImageService.swift */ = {isa = PBXFileReference; lastKnownFileType = sourcecode.swift; path = ProfileImageService.swift; sourceTree = "<group>"; };
		4D89EFB82A251B4A00D9AB95 /* WebViewViewControllerDelegate.swift */ = {isa = PBXFileReference; lastKnownFileType = sourcecode.swift; path = WebViewViewControllerDelegate.swift; sourceTree = "<group>"; };
		4D89EFBA2A27426000D9AB95 /* NetworkClient.swift */ = {isa = PBXFileReference; lastKnownFileType = sourcecode.swift; path = NetworkClient.swift; sourceTree = "<group>"; };
		4D89EFBC2A274A3000D9AB95 /* TokenProvider.swift */ = {isa = PBXFileReference; lastKnownFileType = sourcecode.swift; path = TokenProvider.swift; sourceTree = "<group>"; };
		4D89EFC22A288F2300D9AB95 /* URLRequest.swift */ = {isa = PBXFileReference; lastKnownFileType = sourcecode.swift; path = URLRequest.swift; sourceTree = "<group>"; };
		4D89EFC42A2914BE00D9AB95 /* OAuth2TokenStorage.swift */ = {isa = PBXFileReference; lastKnownFileType = sourcecode.swift; path = OAuth2TokenStorage.swift; sourceTree = "<group>"; };
		4D89EFC62A2B3B8000D9AB95 /* SplashViewController.swift */ = {isa = PBXFileReference; lastKnownFileType = sourcecode.swift; path = SplashViewController.swift; sourceTree = "<group>"; };
		4D89EFCA2A2E565C00D9AB95 /* APIRequester.swift */ = {isa = PBXFileReference; lastKnownFileType = sourcecode.swift; path = APIRequester.swift; sourceTree = "<group>"; };
		4D89EFCC2A2E578C00D9AB95 /* ProfileService.swift */ = {isa = PBXFileReference; lastKnownFileType = sourcecode.swift; path = ProfileService.swift; sourceTree = "<group>"; };
		4DBB56622A4830F00019FCC8 /* Date.swift */ = {isa = PBXFileReference; lastKnownFileType = sourcecode.swift; path = Date.swift; sourceTree = "<group>"; };
		4DCD64422A24D22A007BDDF9 /* WebViewViewController.swift */ = {isa = PBXFileReference; lastKnownFileType = sourcecode.swift; path = WebViewViewController.swift; sourceTree = "<group>"; };
		4DD947122A4C30A0008B5439 /* ImageService.swift */ = {isa = PBXFileReference; lastKnownFileType = sourcecode.swift; path = ImageService.swift; sourceTree = "<group>"; };
		4DD947142A4D7362008B5439 /* CookieCleaner.swift */ = {isa = PBXFileReference; lastKnownFileType = sourcecode.swift; path = CookieCleaner.swift; sourceTree = "<group>"; };
		4DF2F8102A0379B8005A85F6 /* ImageFeed.app */ = {isa = PBXFileReference; explicitFileType = wrapper.application; includeInIndex = 0; path = ImageFeed.app; sourceTree = BUILT_PRODUCTS_DIR; };
		4DF2F8132A0379B8005A85F6 /* AppDelegate.swift */ = {isa = PBXFileReference; lastKnownFileType = sourcecode.swift; path = AppDelegate.swift; sourceTree = "<group>"; };
		4DF2F8152A0379B8005A85F6 /* SceneDelegate.swift */ = {isa = PBXFileReference; lastKnownFileType = sourcecode.swift; path = SceneDelegate.swift; sourceTree = "<group>"; };
		4DF2F8172A0379B8005A85F6 /* ImagesListViewController.swift */ = {isa = PBXFileReference; lastKnownFileType = sourcecode.swift; path = ImagesListViewController.swift; sourceTree = "<group>"; };
		4DF2F81A2A0379B8005A85F6 /* Base */ = {isa = PBXFileReference; lastKnownFileType = file.storyboard; name = Base; path = Base.lproj/Main.storyboard; sourceTree = "<group>"; };
		4DF2F81C2A0379BB005A85F6 /* Assets.xcassets */ = {isa = PBXFileReference; lastKnownFileType = folder.assetcatalog; path = Assets.xcassets; sourceTree = "<group>"; };
		4DF2F81F2A0379BB005A85F6 /* Base */ = {isa = PBXFileReference; lastKnownFileType = file.storyboard; name = Base; path = Base.lproj/LaunchScreen.storyboard; sourceTree = "<group>"; };
		4DF2F8212A0379BB005A85F6 /* Info.plist */ = {isa = PBXFileReference; lastKnownFileType = text.plist.xml; path = Info.plist; sourceTree = "<group>"; };
		4DF2F8272A03CF81005A85F6 /* .gitignore */ = {isa = PBXFileReference; lastKnownFileType = text; path = .gitignore; sourceTree = "<group>"; };
		4DF2F8692A0BA368005A85F6 /* ImagesListCell.swift */ = {isa = PBXFileReference; lastKnownFileType = sourcecode.swift; path = ImagesListCell.swift; sourceTree = "<group>"; };
/* End PBXFileReference section */

/* Begin PBXFrameworksBuildPhase section */
		4DF2F80D2A0379B8005A85F6 /* Frameworks */ = {
			isa = PBXFrameworksBuildPhase;
			buildActionMask = 2147483647;
			files = (
				4D1543FA2A3F757800D43B0F /* Kingfisher in Frameworks */,
				4D8351D12A36280A0042E166 /* ProgressHUD in Frameworks */,
				4D1543FD2A3F8AD300D43B0F /* SwiftKeychainWrapper in Frameworks */,
			);
			runOnlyForDeploymentPostprocessing = 0;
		};
/* End PBXFrameworksBuildPhase section */

/* Begin PBXGroup section */
		4D1543FE2A40C6A200D43B0F /* TabBar */ = {
			isa = PBXGroup;
			children = (
				4D1543FF2A40C6B500D43B0F /* TabBarController.swift */,
			);
			path = TabBar;
			sourceTree = "<group>";
		};
		4D18E6BB2A14E1F300A20E9C /* Profile */ = {
			isa = PBXGroup;
			children = (
				4D4F87362A13F01F00086535 /* ProfileViewController.swift */,
			);
			path = Profile;
			sourceTree = "<group>";
		};
		4D207D692A42229A0048BB1B /* UIBlockingProgressHUD */ = {
			isa = PBXGroup;
			children = (
				4D8351D22A379B480042E166 /* UIBlockingProgressHUD.swift */,
			);
			path = UIBlockingProgressHUD;
			sourceTree = "<group>";
		};
		4D2B4EC92A24CAAE00568F6A /* Auth */ = {
			isa = PBXGroup;
			children = (
				4D2B4ECA2A24CD3700568F6A /* AuthViewController.swift */,
				4DCD64422A24D22A007BDDF9 /* WebViewViewController.swift */,
				4D89EFC62A2B3B8000D9AB95 /* SplashViewController.swift */,
			);
			path = Auth;
			sourceTree = "<group>";
		};
		4D89EFB72A251B2C00D9AB95 /* Services */ = {
			isa = PBXGroup;
			children = (
				4D89EFB82A251B4A00D9AB95 /* WebViewViewControllerDelegate.swift */,
				4D89EFBA2A27426000D9AB95 /* NetworkClient.swift */,
				4D89EFBC2A274A3000D9AB95 /* TokenProvider.swift */,
				4D89EFC42A2914BE00D9AB95 /* OAuth2TokenStorage.swift */,
				4D89EFCA2A2E565C00D9AB95 /* APIRequester.swift */,
				4D89EFCC2A2E578C00D9AB95 /* ProfileService.swift */,
				4D8351D62A3A4BC10042E166 /* ProfileImageService.swift */,
				4D207D6A2A4752500048BB1B /* ImagesListService.swift */,
				4DD947122A4C30A0008B5439 /* ImageService.swift */,
			);
			path = Services;
			sourceTree = "<group>";
		};
		4D89EFBE2A27C4BA00D9AB95 /* Models */ = {
			isa = PBXGroup;
			children = (
				4D8351D42A3A30AE0042E166 /* Profile.swift */,
				4D207D6C2A4752BA0048BB1B /* Photo.swift */,
			);
			path = Models;
			sourceTree = "<group>";
		};
		4D89EFC12A288F1300D9AB95 /* Helpers */ = {
			isa = PBXGroup;
			children = (
				4D89EFC22A288F2300D9AB95 /* URLRequest.swift */,
				4DBB56622A4830F00019FCC8 /* Date.swift */,
				4DD947142A4D7362008B5439 /* CookieCleaner.swift */,
			);
			path = Helpers;
			sourceTree = "<group>";
		};
		4DC94CF02A1FA23200B063F2 /* SingleImageView */ = {
			isa = PBXGroup;
			children = (
				4D5DD0BE2A15FBC500914006 /* SingleImageViewController.swift */,
			);
			path = SingleImageView;
			sourceTree = "<group>";
		};
		4DF2F8072A0379B8005A85F6 = {
			isa = PBXGroup;
			children = (
				4DF2F8122A0379B8005A85F6 /* ImageFeed */,
				4DF2F8112A0379B8005A85F6 /* Products */,
			);
			sourceTree = "<group>";
		};
		4DF2F8112A0379B8005A85F6 /* Products */ = {
			isa = PBXGroup;
			children = (
				4DF2F8102A0379B8005A85F6 /* ImageFeed.app */,
			);
			name = Products;
			sourceTree = "<group>";
		};
		4DF2F8122A0379B8005A85F6 /* ImageFeed */ = {
			isa = PBXGroup;
			children = (
				4D207D692A42229A0048BB1B /* UIBlockingProgressHUD */,
				4D1543FE2A40C6A200D43B0F /* TabBar */,
				4D89EFC12A288F1300D9AB95 /* Helpers */,
				4D89EFBE2A27C4BA00D9AB95 /* Models */,
				4D89EFB72A251B2C00D9AB95 /* Services */,
				4D2B4EC92A24CAAE00568F6A /* Auth */,
				4DC94CF02A1FA23200B063F2 /* SingleImageView */,
				4D18E6BB2A14E1F300A20E9C /* Profile */,
				4DF2F86B2A0BA4D2005A85F6 /* ImagesList */,
				4DF2F8132A0379B8005A85F6 /* AppDelegate.swift */,
				4DF2F8152A0379B8005A85F6 /* SceneDelegate.swift */,
				4DF2F8192A0379B8005A85F6 /* Main.storyboard */,
				4DF2F81C2A0379BB005A85F6 /* Assets.xcassets */,
				4DF2F81E2A0379BB005A85F6 /* LaunchScreen.storyboard */,
				4DF2F8212A0379BB005A85F6 /* Info.plist */,
				4DF2F8272A03CF81005A85F6 /* .gitignore */,
				4D12A2452A2333A000F4BA7B /* Constants.swift */,
			);
			path = ImageFeed;
			sourceTree = "<group>";
		};
		4DF2F86B2A0BA4D2005A85F6 /* ImagesList */ = {
			isa = PBXGroup;
			children = (
				4DF2F8172A0379B8005A85F6 /* ImagesListViewController.swift */,
				4DF2F8692A0BA368005A85F6 /* ImagesListCell.swift */,
			);
			path = ImagesList;
			sourceTree = "<group>";
		};
/* End PBXGroup section */

/* Begin PBXNativeTarget section */
		4DF2F80F2A0379B8005A85F6 /* ImageFeed */ = {
			isa = PBXNativeTarget;
			buildConfigurationList = 4DF2F8242A0379BB005A85F6 /* Build configuration list for PBXNativeTarget "ImageFeed" */;
			buildPhases = (
				4DF2F80C2A0379B8005A85F6 /* Sources */,
				4DF2F80D2A0379B8005A85F6 /* Frameworks */,
				4DF2F80E2A0379B8005A85F6 /* Resources */,
			);
			buildRules = (
			);
			dependencies = (
			);
			name = ImageFeed;
			packageProductDependencies = (
				4D8351D02A36280A0042E166 /* ProgressHUD */,
				4D1543F92A3F757800D43B0F /* Kingfisher */,
				4D1543FC2A3F8AD300D43B0F /* SwiftKeychainWrapper */,
			);
			productName = ImageFeed;
			productReference = 4DF2F8102A0379B8005A85F6 /* ImageFeed.app */;
			productType = "com.apple.product-type.application";
		};
/* End PBXNativeTarget section */

/* Begin PBXProject section */
		4DF2F8082A0379B8005A85F6 /* Project object */ = {
			isa = PBXProject;
			attributes = {
				BuildIndependentTargetsInParallel = 1;
				LastSwiftUpdateCheck = 1410;
				LastUpgradeCheck = 1410;
				TargetAttributes = {
					4DF2F80F2A0379B8005A85F6 = {
						CreatedOnToolsVersion = 14.1;
					};
				};
			};
			buildConfigurationList = 4DF2F80B2A0379B8005A85F6 /* Build configuration list for PBXProject "ImageFeed" */;
			compatibilityVersion = "Xcode 14.0";
			developmentRegion = en;
			hasScannedForEncodings = 0;
			knownRegions = (
				en,
				Base,
			);
			mainGroup = 4DF2F8072A0379B8005A85F6;
			packageReferences = (
				4D8351CF2A36280A0042E166 /* XCRemoteSwiftPackageReference "ProgressHUD" */,
				4D1543F82A3F757800D43B0F /* XCRemoteSwiftPackageReference "Kingfisher" */,
				4D1543FB2A3F8AD300D43B0F /* XCRemoteSwiftPackageReference "SwiftKeychainWrapper" */,
			);
			productRefGroup = 4DF2F8112A0379B8005A85F6 /* Products */;
			projectDirPath = "";
			projectRoot = "";
			targets = (
				4DF2F80F2A0379B8005A85F6 /* ImageFeed */,
			);
		};
/* End PBXProject section */

/* Begin PBXResourcesBuildPhase section */
		4DF2F80E2A0379B8005A85F6 /* Resources */ = {
			isa = PBXResourcesBuildPhase;
			buildActionMask = 2147483647;
			files = (
				4DF2F8282A03CF81005A85F6 /* .gitignore in Resources */,
				4DF2F8202A0379BB005A85F6 /* LaunchScreen.storyboard in Resources */,
				4DF2F81D2A0379BB005A85F6 /* Assets.xcassets in Resources */,
				4DF2F81B2A0379B8005A85F6 /* Main.storyboard in Resources */,
			);
			runOnlyForDeploymentPostprocessing = 0;
		};
/* End PBXResourcesBuildPhase section */

/* Begin PBXSourcesBuildPhase section */
		4DF2F80C2A0379B8005A85F6 /* Sources */ = {
			isa = PBXSourcesBuildPhase;
			buildActionMask = 2147483647;
			files = (
				4DF2F8182A0379B8005A85F6 /* ImagesListViewController.swift in Sources */,
				4D89EFC32A288F2300D9AB95 /* URLRequest.swift in Sources */,
				4D89EFB92A251B4A00D9AB95 /* WebViewViewControllerDelegate.swift in Sources */,
				4D8351D32A379B480042E166 /* UIBlockingProgressHUD.swift in Sources */,
				4D89EFCD2A2E578C00D9AB95 /* ProfileService.swift in Sources */,
				4DF2F86A2A0BA368005A85F6 /* ImagesListCell.swift in Sources */,
				4D89EFBB2A27426000D9AB95 /* NetworkClient.swift in Sources */,
				4D207D6B2A4752500048BB1B /* ImagesListService.swift in Sources */,
				4D4F87372A13F01F00086535 /* ProfileViewController.swift in Sources */,
				4DF2F8142A0379B8005A85F6 /* AppDelegate.swift in Sources */,
				4D89EFCB2A2E565C00D9AB95 /* APIRequester.swift in Sources */,
				4D8351D52A3A30AE0042E166 /* Profile.swift in Sources */,
				4D8351D72A3A4BC10042E166 /* ProfileImageService.swift in Sources */,
				4D2B4ECB2A24CD3700568F6A /* AuthViewController.swift in Sources */,
				4D12A2462A2333A000F4BA7B /* Constants.swift in Sources */,
				4D5DD0BF2A15FBC500914006 /* SingleImageViewController.swift in Sources */,
				4DD947152A4D7362008B5439 /* CookieCleaner.swift in Sources */,
				4D207D6D2A4752BA0048BB1B /* Photo.swift in Sources */,
				4DCD64432A24D22A007BDDF9 /* WebViewViewController.swift in Sources */,
				4D89EFC52A2914BE00D9AB95 /* OAuth2TokenStorage.swift in Sources */,
				4DBB56632A4830F00019FCC8 /* Date.swift in Sources */,
				4DF2F8162A0379B8005A85F6 /* SceneDelegate.swift in Sources */,
				4D1544002A40C6B500D43B0F /* TabBarController.swift in Sources */,
				4D89EFBD2A274A3000D9AB95 /* TokenProvider.swift in Sources */,
				4DD947132A4C30A0008B5439 /* ImageService.swift in Sources */,
				4D89EFC72A2B3B8000D9AB95 /* SplashViewController.swift in Sources */,
			);
			runOnlyForDeploymentPostprocessing = 0;
		};
/* End PBXSourcesBuildPhase section */

/* Begin PBXVariantGroup section */
		4DF2F8192A0379B8005A85F6 /* Main.storyboard */ = {
			isa = PBXVariantGroup;
			children = (
				4DF2F81A2A0379B8005A85F6 /* Base */,
			);
			name = Main.storyboard;
			sourceTree = "<group>";
		};
		4DF2F81E2A0379BB005A85F6 /* LaunchScreen.storyboard */ = {
			isa = PBXVariantGroup;
			children = (
				4DF2F81F2A0379BB005A85F6 /* Base */,
			);
			name = LaunchScreen.storyboard;
			sourceTree = "<group>";
		};
/* End PBXVariantGroup section */

/* Begin XCBuildConfiguration section */
		4DF2F8222A0379BB005A85F6 /* Debug */ = {
			isa = XCBuildConfiguration;
			buildSettings = {
				ALWAYS_SEARCH_USER_PATHS = NO;
				CLANG_ANALYZER_NONNULL = YES;
				CLANG_ANALYZER_NUMBER_OBJECT_CONVERSION = YES_AGGRESSIVE;
				CLANG_CXX_LANGUAGE_STANDARD = "gnu++20";
				CLANG_ENABLE_MODULES = YES;
				CLANG_ENABLE_OBJC_ARC = YES;
				CLANG_ENABLE_OBJC_WEAK = YES;
				CLANG_WARN_BLOCK_CAPTURE_AUTORELEASING = YES;
				CLANG_WARN_BOOL_CONVERSION = YES;
				CLANG_WARN_COMMA = YES;
				CLANG_WARN_CONSTANT_CONVERSION = YES;
				CLANG_WARN_DEPRECATED_OBJC_IMPLEMENTATIONS = YES;
				CLANG_WARN_DIRECT_OBJC_ISA_USAGE = YES_ERROR;
				CLANG_WARN_DOCUMENTATION_COMMENTS = YES;
				CLANG_WARN_EMPTY_BODY = YES;
				CLANG_WARN_ENUM_CONVERSION = YES;
				CLANG_WARN_INFINITE_RECURSION = YES;
				CLANG_WARN_INT_CONVERSION = YES;
				CLANG_WARN_NON_LITERAL_NULL_CONVERSION = YES;
				CLANG_WARN_OBJC_IMPLICIT_RETAIN_SELF = YES;
				CLANG_WARN_OBJC_LITERAL_CONVERSION = YES;
				CLANG_WARN_OBJC_ROOT_CLASS = YES_ERROR;
				CLANG_WARN_QUOTED_INCLUDE_IN_FRAMEWORK_HEADER = YES;
				CLANG_WARN_RANGE_LOOP_ANALYSIS = YES;
				CLANG_WARN_STRICT_PROTOTYPES = YES;
				CLANG_WARN_SUSPICIOUS_MOVE = YES;
				CLANG_WARN_UNGUARDED_AVAILABILITY = YES_AGGRESSIVE;
				CLANG_WARN_UNREACHABLE_CODE = YES;
				CLANG_WARN__DUPLICATE_METHOD_MATCH = YES;
				COPY_PHASE_STRIP = NO;
				DEBUG_INFORMATION_FORMAT = dwarf;
				ENABLE_STRICT_OBJC_MSGSEND = YES;
				ENABLE_TESTABILITY = YES;
				GCC_C_LANGUAGE_STANDARD = gnu11;
				GCC_DYNAMIC_NO_PIC = NO;
				GCC_NO_COMMON_BLOCKS = YES;
				GCC_OPTIMIZATION_LEVEL = 0;
				GCC_PREPROCESSOR_DEFINITIONS = (
					"DEBUG=1",
					"$(inherited)",
				);
				GCC_WARN_64_TO_32_BIT_CONVERSION = YES;
				GCC_WARN_ABOUT_RETURN_TYPE = YES_ERROR;
				GCC_WARN_UNDECLARED_SELECTOR = YES;
				GCC_WARN_UNINITIALIZED_AUTOS = YES_AGGRESSIVE;
				GCC_WARN_UNUSED_FUNCTION = YES;
				GCC_WARN_UNUSED_VARIABLE = YES;
				IPHONEOS_DEPLOYMENT_TARGET = 16.1;
				MTL_ENABLE_DEBUG_INFO = INCLUDE_SOURCE;
				MTL_FAST_MATH = YES;
				ONLY_ACTIVE_ARCH = YES;
				SDKROOT = iphoneos;
				SWIFT_ACTIVE_COMPILATION_CONDITIONS = DEBUG;
				SWIFT_OPTIMIZATION_LEVEL = "-Onone";
			};
			name = Debug;
		};
		4DF2F8232A0379BB005A85F6 /* Release */ = {
			isa = XCBuildConfiguration;
			buildSettings = {
				ALWAYS_SEARCH_USER_PATHS = NO;
				CLANG_ANALYZER_NONNULL = YES;
				CLANG_ANALYZER_NUMBER_OBJECT_CONVERSION = YES_AGGRESSIVE;
				CLANG_CXX_LANGUAGE_STANDARD = "gnu++20";
				CLANG_ENABLE_MODULES = YES;
				CLANG_ENABLE_OBJC_ARC = YES;
				CLANG_ENABLE_OBJC_WEAK = YES;
				CLANG_WARN_BLOCK_CAPTURE_AUTORELEASING = YES;
				CLANG_WARN_BOOL_CONVERSION = YES;
				CLANG_WARN_COMMA = YES;
				CLANG_WARN_CONSTANT_CONVERSION = YES;
				CLANG_WARN_DEPRECATED_OBJC_IMPLEMENTATIONS = YES;
				CLANG_WARN_DIRECT_OBJC_ISA_USAGE = YES_ERROR;
				CLANG_WARN_DOCUMENTATION_COMMENTS = YES;
				CLANG_WARN_EMPTY_BODY = YES;
				CLANG_WARN_ENUM_CONVERSION = YES;
				CLANG_WARN_INFINITE_RECURSION = YES;
				CLANG_WARN_INT_CONVERSION = YES;
				CLANG_WARN_NON_LITERAL_NULL_CONVERSION = YES;
				CLANG_WARN_OBJC_IMPLICIT_RETAIN_SELF = YES;
				CLANG_WARN_OBJC_LITERAL_CONVERSION = YES;
				CLANG_WARN_OBJC_ROOT_CLASS = YES_ERROR;
				CLANG_WARN_QUOTED_INCLUDE_IN_FRAMEWORK_HEADER = YES;
				CLANG_WARN_RANGE_LOOP_ANALYSIS = YES;
				CLANG_WARN_STRICT_PROTOTYPES = YES;
				CLANG_WARN_SUSPICIOUS_MOVE = YES;
				CLANG_WARN_UNGUARDED_AVAILABILITY = YES_AGGRESSIVE;
				CLANG_WARN_UNREACHABLE_CODE = YES;
				CLANG_WARN__DUPLICATE_METHOD_MATCH = YES;
				COPY_PHASE_STRIP = NO;
				DEBUG_INFORMATION_FORMAT = "dwarf-with-dsym";
				ENABLE_NS_ASSERTIONS = NO;
				ENABLE_STRICT_OBJC_MSGSEND = YES;
				GCC_C_LANGUAGE_STANDARD = gnu11;
				GCC_NO_COMMON_BLOCKS = YES;
				GCC_WARN_64_TO_32_BIT_CONVERSION = YES;
				GCC_WARN_ABOUT_RETURN_TYPE = YES_ERROR;
				GCC_WARN_UNDECLARED_SELECTOR = YES;
				GCC_WARN_UNINITIALIZED_AUTOS = YES_AGGRESSIVE;
				GCC_WARN_UNUSED_FUNCTION = YES;
				GCC_WARN_UNUSED_VARIABLE = YES;
				IPHONEOS_DEPLOYMENT_TARGET = 16.1;
				MTL_ENABLE_DEBUG_INFO = NO;
				MTL_FAST_MATH = YES;
				SDKROOT = iphoneos;
				SWIFT_COMPILATION_MODE = wholemodule;
				SWIFT_OPTIMIZATION_LEVEL = "-O";
				VALIDATE_PRODUCT = YES;
			};
			name = Release;
		};
		4DF2F8252A0379BB005A85F6 /* Debug */ = {
			isa = XCBuildConfiguration;
			buildSettings = {
				ASSETCATALOG_COMPILER_APPICON_NAME = AppIcon;
				ASSETCATALOG_COMPILER_GLOBAL_ACCENT_COLOR_NAME = AccentColor;
				CODE_SIGN_STYLE = Automatic;
				CURRENT_PROJECT_VERSION = 1;
				DEVELOPMENT_TEAM = 5MJ8XFZB7W;
				GENERATE_INFOPLIST_FILE = YES;
				INFOPLIST_FILE = ImageFeed/Info.plist;
				INFOPLIST_KEY_UIApplicationSupportsIndirectInputEvents = YES;
				INFOPLIST_KEY_UILaunchStoryboardName = LaunchScreen;
				INFOPLIST_KEY_UIMainStoryboardFile = Main;
				INFOPLIST_KEY_UISupportedInterfaceOrientations = UIInterfaceOrientationPortrait;
				INFOPLIST_KEY_UISupportedInterfaceOrientations_iPad = "UIInterfaceOrientationLandscapeLeft UIInterfaceOrientationLandscapeRight UIInterfaceOrientationPortrait UIInterfaceOrientationPortraitUpsideDown";
				IPHONEOS_DEPLOYMENT_TARGET = 13.0;
				LD_RUNPATH_SEARCH_PATHS = (
					"$(inherited)",
					"@executable_path/Frameworks",
				);
				MARKETING_VERSION = 1.0;
				PRODUCT_BUNDLE_IDENTIFIER = ru.yandex.practicum.davletova.ImageFeed;
				PRODUCT_NAME = "$(TARGET_NAME)";
				SUPPORTED_PLATFORMS = "iphoneos iphonesimulator";
				SUPPORTS_MACCATALYST = NO;
				SUPPORTS_MAC_DESIGNED_FOR_IPHONE_IPAD = YES;
				SWIFT_EMIT_LOC_STRINGS = YES;
				SWIFT_VERSION = 5.0;
				TARGETED_DEVICE_FAMILY = 1;
			};
			name = Debug;
		};
		4DF2F8262A0379BB005A85F6 /* Release */ = {
			isa = XCBuildConfiguration;
			buildSettings = {
				ASSETCATALOG_COMPILER_APPICON_NAME = AppIcon;
				ASSETCATALOG_COMPILER_GLOBAL_ACCENT_COLOR_NAME = AccentColor;
				CODE_SIGN_STYLE = Automatic;
				CURRENT_PROJECT_VERSION = 1;
				DEVELOPMENT_TEAM = 5MJ8XFZB7W;
				GENERATE_INFOPLIST_FILE = YES;
				INFOPLIST_FILE = ImageFeed/Info.plist;
				INFOPLIST_KEY_UIApplicationSupportsIndirectInputEvents = YES;
				INFOPLIST_KEY_UILaunchStoryboardName = LaunchScreen;
				INFOPLIST_KEY_UIMainStoryboardFile = Main;
				INFOPLIST_KEY_UISupportedInterfaceOrientations = UIInterfaceOrientationPortrait;
				INFOPLIST_KEY_UISupportedInterfaceOrientations_iPad = "UIInterfaceOrientationLandscapeLeft UIInterfaceOrientationLandscapeRight UIInterfaceOrientationPortrait UIInterfaceOrientationPortraitUpsideDown";
				IPHONEOS_DEPLOYMENT_TARGET = 13.0;
				LD_RUNPATH_SEARCH_PATHS = (
					"$(inherited)",
					"@executable_path/Frameworks",
				);
				MARKETING_VERSION = 1.0;
				PRODUCT_BUNDLE_IDENTIFIER = ru.yandex.practicum.davletova.ImageFeed;
				PRODUCT_NAME = "$(TARGET_NAME)";
				SUPPORTED_PLATFORMS = "iphoneos iphonesimulator";
				SUPPORTS_MACCATALYST = NO;
				SUPPORTS_MAC_DESIGNED_FOR_IPHONE_IPAD = YES;
				SWIFT_EMIT_LOC_STRINGS = YES;
				SWIFT_VERSION = 5.0;
				TARGETED_DEVICE_FAMILY = 1;
			};
			name = Release;
		};
/* End XCBuildConfiguration section */

/* Begin XCConfigurationList section */
		4DF2F80B2A0379B8005A85F6 /* Build configuration list for PBXProject "ImageFeed" */ = {
			isa = XCConfigurationList;
			buildConfigurations = (
				4DF2F8222A0379BB005A85F6 /* Debug */,
				4DF2F8232A0379BB005A85F6 /* Release */,
			);
			defaultConfigurationIsVisible = 0;
			defaultConfigurationName = Release;
		};
		4DF2F8242A0379BB005A85F6 /* Build configuration list for PBXNativeTarget "ImageFeed" */ = {
			isa = XCConfigurationList;
			buildConfigurations = (
				4DF2F8252A0379BB005A85F6 /* Debug */,
				4DF2F8262A0379BB005A85F6 /* Release */,
			);
			defaultConfigurationIsVisible = 0;
			defaultConfigurationName = Release;
		};
/* End XCConfigurationList section */

/* Begin XCRemoteSwiftPackageReference section */
		4D1543F82A3F757800D43B0F /* XCRemoteSwiftPackageReference "Kingfisher" */ = {
			isa = XCRemoteSwiftPackageReference;
			repositoryURL = "https://github.com/onevcat/Kingfisher";
			requirement = {
				kind = upToNextMajorVersion;
				minimumVersion = 7.0.0;
			};
		};
		4D1543FB2A3F8AD300D43B0F /* XCRemoteSwiftPackageReference "SwiftKeychainWrapper" */ = {
			isa = XCRemoteSwiftPackageReference;
			repositoryURL = "https://github.com/jrendel/SwiftKeychainWrapper";
			requirement = {
				kind = upToNextMajorVersion;
				minimumVersion = 4.0.0;
			};
		};
		4D8351CF2A36280A0042E166 /* XCRemoteSwiftPackageReference "ProgressHUD" */ = {
			isa = XCRemoteSwiftPackageReference;
			repositoryURL = "https://github.com/relatedcode/ProgressHUD";
			requirement = {
				kind = upToNextMajorVersion;
				minimumVersion = 13.0.0;
			};
		};
/* End XCRemoteSwiftPackageReference section */

/* Begin XCSwiftPackageProductDependency section */
		4D1543F92A3F757800D43B0F /* Kingfisher */ = {
			isa = XCSwiftPackageProductDependency;
			package = 4D1543F82A3F757800D43B0F /* XCRemoteSwiftPackageReference "Kingfisher" */;
			productName = Kingfisher;
		};
		4D1543FC2A3F8AD300D43B0F /* SwiftKeychainWrapper */ = {
			isa = XCSwiftPackageProductDependency;
			package = 4D1543FB2A3F8AD300D43B0F /* XCRemoteSwiftPackageReference "SwiftKeychainWrapper" */;
			productName = SwiftKeychainWrapper;
		};
		4D8351D02A36280A0042E166 /* ProgressHUD */ = {
			isa = XCSwiftPackageProductDependency;
			package = 4D8351CF2A36280A0042E166 /* XCRemoteSwiftPackageReference "ProgressHUD" */;
			productName = ProgressHUD;
		};
/* End XCSwiftPackageProductDependency section */
	};
	rootObject = 4DF2F8082A0379B8005A85F6 /* Project object */;
}
